
Microsoft Visual Studio Solution File, Format Version 12.00
# Visual Studio 15
VisualStudioVersion = 15.0.26430.6
MinimumVisualStudioVersion = 10.0.40219.1
Project("{2150E333-8FDC-42A3-9474-1A3956D46DE8}") = ".solution items", ".solution items", "{53C890A9-D587-4BD6-B69C-5B01F64B39F1}"
	ProjectSection(SolutionItems) = preProject
		CHANGELOG.md = CHANGELOG.md
		README.md = README.md
	EndProjectSection
EndProject
Project("{2150E333-8FDC-42A3-9474-1A3956D46DE8}") = "nuspec", "nuspec", "{407E215D-36B1-46F9-A39F-39465ADC4F2D}"
	ProjectSection(SolutionItems) = preProject
		nuspec\d60.Cirqus.AzureServiceBus.nuspec = nuspec\d60.Cirqus.AzureServiceBus.nuspec
		nuspec\d60.Cirqus.EntityFramework.nuspec = nuspec\d60.Cirqus.EntityFramework.nuspec
		nuspec\d60.Cirqus.HybridDb.nuspec = nuspec\d60.Cirqus.HybridDb.nuspec
		nuspec\d60.Cirqus.Identity.nuspec = nuspec\d60.Cirqus.Identity.nuspec
		nuspec\d60.Cirqus.MongoDb.nuspec = nuspec\d60.Cirqus.MongoDb.nuspec
		nuspec\d60.Cirqus.NLog.nuspec = nuspec\d60.Cirqus.NLog.nuspec
		nuspec\d60.Cirqus.NUnit.nuspec = nuspec\d60.Cirqus.NUnit.nuspec
		nuspec\d60.Cirqus.nuspec = nuspec\d60.Cirqus.nuspec
		nuspec\d60.Cirqus.PostgreSql.nuspec = nuspec\d60.Cirqus.PostgreSql.nuspec
		nuspec\d60.Cirqus.Serilog.nuspec = nuspec\d60.Cirqus.Serilog.nuspec
		nuspec\d60.Cirqus.SQLite.nuspec = nuspec\d60.Cirqus.SQLite.nuspec
		nuspec\d60.Cirqus.TsClient.nuspec = nuspec\d60.Cirqus.TsClient.nuspec
		nuspec\d60.Cirqus.xUnit.nuspec = nuspec\d60.Cirqus.xUnit.nuspec
	EndProjectSection
EndProject
Project("{2150E333-8FDC-42A3-9474-1A3956D46DE8}") = "tests", "tests", "{B7EFFA50-A51B-4D7D-A264-07151A10F9D8}"
EndProject
Project("{2150E333-8FDC-42A3-9474-1A3956D46DE8}") = "core", "core", "{89F6887C-D659-4483-9BFC-DBC7C2BC29F8}"
EndProject
Project("{2150E333-8FDC-42A3-9474-1A3956D46DE8}") = "integration", "integration", "{AAD28E32-1CB5-46C8-B3B2-40BDC275EA63}"
EndProject
Project("{2150E333-8FDC-42A3-9474-1A3956D46DE8}") = "build", "build", "{87D0C01A-A3ED-42DC-B173-B797F7717348}"
	ProjectSection(SolutionItems) = preProject
		build.bat = build.bat
		build.proj = build.proj
		release.bat = release.bat
	EndProjectSection
EndProject
Project("{2150E333-8FDC-42A3-9474-1A3956D46DE8}") = "sql server", "sql server", "{9A508454-A284-4E81-BC28-2262A5FE200E}"
EndProject
Project("{2150E333-8FDC-42A3-9474-1A3956D46DE8}") = "mongodb", "mongodb", "{12953F47-B301-4A45-BC7A-445D84BDC37A}"
EndProject
Project("{2150E333-8FDC-42A3-9474-1A3956D46DE8}") = "azure", "azure", "{8F2EED60-249C-46BD-B5D4-C610567D1FFB}"
EndProject
Project("{FAE04EC0-301F-11D3-BF4B-00C04F79EFBC}") = "d60.Cirqus", "d60.Cirqus\d60.Cirqus.csproj", "{8E2DF6B4-A4DF-495E-8D74-5DCE6B333FB4}"
EndProject
Project("{FAE04EC0-301F-11D3-BF4B-00C04F79EFBC}") = "d60.Cirqus.AzureServiceBus", "d60.Cirqus.AzureServiceBus\d60.Cirqus.AzureServiceBus.csproj", "{F67900E3-3454-44F1-A943-11219CB0622B}"
EndProject
Project("{FAE04EC0-301F-11D3-BF4B-00C04F79EFBC}") = "d60.Cirqus.AzureServiceBus.Tests", "d60.Cirqus.AzureServiceBus.Tests\d60.Cirqus.AzureServiceBus.Tests.csproj", "{B1205A2E-8F4B-4E0F-B70F-050F8557B355}"
EndProject
Project("{FAE04EC0-301F-11D3-BF4B-00C04F79EFBC}") = "d60.Cirqus.MongoDb", "d60.Cirqus.MongoDb\d60.Cirqus.MongoDb.csproj", "{1ECCDCD5-DD78-4F9C-B0C3-BC083742CE99}"
EndProject
Project("{FAE04EC0-301F-11D3-BF4B-00C04F79EFBC}") = "d60.Cirqus.EntityFramework", "d60.Cirqus.EntityFramework\d60.Cirqus.EntityFramework.csproj", "{925D8D5E-B695-4DC0-B1B6-66955C964576}"
EndProject
Project("{FAE04EC0-301F-11D3-BF4B-00C04F79EFBC}") = "d60.Cirqus.Tests", "d60.Cirqus.Tests\d60.Cirqus.Tests.csproj", "{7624F47B-B53F-40C6-B211-19288E814F86}"
EndProject
Project("{2150E333-8FDC-42A3-9474-1A3956D46DE8}") = "nlog", "nlog", "{61C025A5-1616-423F-B877-A3E017472C76}"
EndProject
Project("{FAE04EC0-301F-11D3-BF4B-00C04F79EFBC}") = "d60.Cirqus.NLog", "d60.Cirqus.NLog\d60.Cirqus.NLog.csproj", "{F122F403-DFCF-4ACB-9833-5D93EF357A06}"
EndProject
Project("{2150E333-8FDC-42A3-9474-1A3956D46DE8}") = "postgresql", "postgresql", "{B3C09C49-9BB5-401B-BD4E-E164D0E4B2A6}"
EndProject
Project("{FAE04EC0-301F-11D3-BF4B-00C04F79EFBC}") = "d60.Cirqus.PostgreSql", "d60.Cirqus.PostgreSql\d60.Cirqus.PostgreSql.csproj", "{1DCEE03D-8316-443B-92D5-DD89D368837C}"
EndProject
Project("{2150E333-8FDC-42A3-9474-1A3956D46DE8}") = "serilog", "serilog", "{FD32DF41-628D-4C88-8369-E2E66A6CC34D}"
EndProject
Project("{FAE04EC0-301F-11D3-BF4B-00C04F79EFBC}") = "d60.Cirqus.Serilog", "d60.Cirqus.Serilog\d60.Cirqus.Serilog.csproj", "{1890E729-AA72-4812-8EB4-48F475D67D25}"
EndProject
Project("{2150E333-8FDC-42A3-9474-1A3956D46DE8}") = "typescript", "typescript", "{87A98A37-1B2E-44A1-B6EE-53B75E80C816}"
EndProject
Project("{FAE04EC0-301F-11D3-BF4B-00C04F79EFBC}") = "d60.Cirqus.TsClient", "d60.Cirqus.TsClient\d60.Cirqus.TsClient.csproj", "{9FF2E2C5-2FF8-4E9E-B131-5DA2515890FC}"
EndProject
Project("{2150E333-8FDC-42A3-9474-1A3956D46DE8}") = "sqlite", "sqlite", "{2D9717F8-12A6-415B-8139-9578A5E8CDDC}"
EndProject
Project("{FAE04EC0-301F-11D3-BF4B-00C04F79EFBC}") = "d60.Cirqus.SQLite", "d60.Cirqus.SQLite\d60.Cirqus.SQLite.csproj", "{350726B9-0E33-46B3-99F0-031E0B5B0579}"
EndProject
Project("{FAE04EC0-301F-11D3-BF4B-00C04F79EFBC}") = "d60.Cirqus.Testing", "d60.Cirqus.Testing\d60.Cirqus.Testing.csproj", "{8CF7545B-BAD0-44C8-B611-B013AECAD528}"
EndProject
Project("{2150E333-8FDC-42A3-9474-1A3956D46DE8}") = "xunit", "xunit", "{3B354EFB-77A3-4302-92B4-BF69693B15E7}"
EndProject
Project("{FAE04EC0-301F-11D3-BF4B-00C04F79EFBC}") = "d60.Cirqus.xUnit", "d60.Cirqus.xUnit\d60.Cirqus.xUnit.csproj", "{786F22B7-C500-4EB5-93E8-F100D5DA5B11}"
EndProject
Project("{2150E333-8FDC-42A3-9474-1A3956D46DE8}") = "nunit", "nunit", "{CF7F9A7E-60AF-4D4D-B7C6-3F0F72A54441}"
EndProject
Project("{FAE04EC0-301F-11D3-BF4B-00C04F79EFBC}") = "d60.Cirqus.NUnit", "d60.Cirqus.NUnit\d60.Cirqus.NUnit.csproj", "{0362FDDA-7D8F-482F-9E36-AFD3A0859AF7}"
EndProject
Project("{2150E333-8FDC-42A3-9474-1A3956D46DE8}") = "utility", "utility", "{003097E1-0A40-411C-8E01-E26BAC5CA7C3}"
EndProject
Project("{FAE04EC0-301F-11D3-BF4B-00C04F79EFBC}") = "d60.Cirqus.HybridDb", "d60.Cirqus.HybridDb\d60.Cirqus.HybridDb.csproj", "{A39585D8-1F4B-4328-99BB-1C1124947CDD}"
EndProject
Project("{FAE04EC0-301F-11D3-BF4B-00C04F79EFBC}") = "d60.Cirqus.Identity", "d60.Cirqus.Identity\d60.Cirqus.Identity.csproj", "{70478ED2-4591-432A-9F69-C5E8CDA16124}"
EndProject
Global
	GlobalSection(SolutionConfigurationPlatforms) = preSolution
		Debug|Any CPU = Debug|Any CPU
		Release|Any CPU = Release|Any CPU
	EndGlobalSection
	GlobalSection(ProjectConfigurationPlatforms) = postSolution
		{8E2DF6B4-A4DF-495E-8D74-5DCE6B333FB4}.Debug|Any CPU.ActiveCfg = Debug|Any CPU
		{8E2DF6B4-A4DF-495E-8D74-5DCE6B333FB4}.Debug|Any CPU.Build.0 = Debug|Any CPU
		{8E2DF6B4-A4DF-495E-8D74-5DCE6B333FB4}.Release|Any CPU.ActiveCfg = Release|Any CPU
		{8E2DF6B4-A4DF-495E-8D74-5DCE6B333FB4}.Release|Any CPU.Build.0 = Release|Any CPU
		{F67900E3-3454-44F1-A943-11219CB0622B}.Debug|Any CPU.ActiveCfg = Debug|Any CPU
		{F67900E3-3454-44F1-A943-11219CB0622B}.Debug|Any CPU.Build.0 = Debug|Any CPU
		{F67900E3-3454-44F1-A943-11219CB0622B}.Release|Any CPU.ActiveCfg = Release|Any CPU
		{F67900E3-3454-44F1-A943-11219CB0622B}.Release|Any CPU.Build.0 = Release|Any CPU
		{B1205A2E-8F4B-4E0F-B70F-050F8557B355}.Debug|Any CPU.ActiveCfg = Debug|Any CPU
		{B1205A2E-8F4B-4E0F-B70F-050F8557B355}.Debug|Any CPU.Build.0 = Debug|Any CPU
		{B1205A2E-8F4B-4E0F-B70F-050F8557B355}.Release|Any CPU.ActiveCfg = Release|Any CPU
		{B1205A2E-8F4B-4E0F-B70F-050F8557B355}.Release|Any CPU.Build.0 = Release|Any CPU
		{1ECCDCD5-DD78-4F9C-B0C3-BC083742CE99}.Debug|Any CPU.ActiveCfg = Debug|Any CPU
		{1ECCDCD5-DD78-4F9C-B0C3-BC083742CE99}.Debug|Any CPU.Build.0 = Debug|Any CPU
		{1ECCDCD5-DD78-4F9C-B0C3-BC083742CE99}.Release|Any CPU.ActiveCfg = Release|Any CPU
		{1ECCDCD5-DD78-4F9C-B0C3-BC083742CE99}.Release|Any CPU.Build.0 = Release|Any CPU
		{925D8D5E-B695-4DC0-B1B6-66955C964576}.Debug|Any CPU.ActiveCfg = Debug|Any CPU
		{925D8D5E-B695-4DC0-B1B6-66955C964576}.Debug|Any CPU.Build.0 = Debug|Any CPU
		{925D8D5E-B695-4DC0-B1B6-66955C964576}.Release|Any CPU.ActiveCfg = Release|Any CPU
		{925D8D5E-B695-4DC0-B1B6-66955C964576}.Release|Any CPU.Build.0 = Release|Any CPU
		{7624F47B-B53F-40C6-B211-19288E814F86}.Debug|Any CPU.ActiveCfg = Debug|Any CPU
		{7624F47B-B53F-40C6-B211-19288E814F86}.Debug|Any CPU.Build.0 = Debug|Any CPU
		{7624F47B-B53F-40C6-B211-19288E814F86}.Release|Any CPU.ActiveCfg = Release|Any CPU
		{7624F47B-B53F-40C6-B211-19288E814F86}.Release|Any CPU.Build.0 = Release|Any CPU
		{F122F403-DFCF-4ACB-9833-5D93EF357A06}.Debug|Any CPU.ActiveCfg = Debug|Any CPU
		{F122F403-DFCF-4ACB-9833-5D93EF357A06}.Debug|Any CPU.Build.0 = Debug|Any CPU
		{F122F403-DFCF-4ACB-9833-5D93EF357A06}.Release|Any CPU.ActiveCfg = Release|Any CPU
		{F122F403-DFCF-4ACB-9833-5D93EF357A06}.Release|Any CPU.Build.0 = Release|Any CPU
		{1DCEE03D-8316-443B-92D5-DD89D368837C}.Debug|Any CPU.ActiveCfg = Debug|Any CPU
		{1DCEE03D-8316-443B-92D5-DD89D368837C}.Debug|Any CPU.Build.0 = Debug|Any CPU
		{1DCEE03D-8316-443B-92D5-DD89D368837C}.Release|Any CPU.ActiveCfg = Release|Any CPU
		{1DCEE03D-8316-443B-92D5-DD89D368837C}.Release|Any CPU.Build.0 = Release|Any CPU
		{1890E729-AA72-4812-8EB4-48F475D67D25}.Debug|Any CPU.ActiveCfg = Debug|Any CPU
		{1890E729-AA72-4812-8EB4-48F475D67D25}.Debug|Any CPU.Build.0 = Debug|Any CPU
		{1890E729-AA72-4812-8EB4-48F475D67D25}.Release|Any CPU.ActiveCfg = Release|Any CPU
		{1890E729-AA72-4812-8EB4-48F475D67D25}.Release|Any CPU.Build.0 = Release|Any CPU
		{9FF2E2C5-2FF8-4E9E-B131-5DA2515890FC}.Debug|Any CPU.ActiveCfg = Debug|Any CPU
		{9FF2E2C5-2FF8-4E9E-B131-5DA2515890FC}.Debug|Any CPU.Build.0 = Debug|Any CPU
		{9FF2E2C5-2FF8-4E9E-B131-5DA2515890FC}.Release|Any CPU.ActiveCfg = Release|Any CPU
		{9FF2E2C5-2FF8-4E9E-B131-5DA2515890FC}.Release|Any CPU.Build.0 = Release|Any CPU
		{350726B9-0E33-46B3-99F0-031E0B5B0579}.Debug|Any CPU.ActiveCfg = Debug|Any CPU
		{350726B9-0E33-46B3-99F0-031E0B5B0579}.Debug|Any CPU.Build.0 = Debug|Any CPU
		{350726B9-0E33-46B3-99F0-031E0B5B0579}.Release|Any CPU.ActiveCfg = Release|Any CPU
		{350726B9-0E33-46B3-99F0-031E0B5B0579}.Release|Any CPU.Build.0 = Release|Any CPU
		{8CF7545B-BAD0-44C8-B611-B013AECAD528}.Debug|Any CPU.ActiveCfg = Debug|Any CPU
		{8CF7545B-BAD0-44C8-B611-B013AECAD528}.Debug|Any CPU.Build.0 = Debug|Any CPU
		{8CF7545B-BAD0-44C8-B611-B013AECAD528}.Release|Any CPU.ActiveCfg = Release|Any CPU
		{8CF7545B-BAD0-44C8-B611-B013AECAD528}.Release|Any CPU.Build.0 = Release|Any CPU
		{786F22B7-C500-4EB5-93E8-F100D5DA5B11}.Debug|Any CPU.ActiveCfg = Debug|Any CPU
		{786F22B7-C500-4EB5-93E8-F100D5DA5B11}.Debug|Any CPU.Build.0 = Debug|Any CPU
		{786F22B7-C500-4EB5-93E8-F100D5DA5B11}.Release|Any CPU.ActiveCfg = Release|Any CPU
		{786F22B7-C500-4EB5-93E8-F100D5DA5B11}.Release|Any CPU.Build.0 = Release|Any CPU
		{0362FDDA-7D8F-482F-9E36-AFD3A0859AF7}.Debug|Any CPU.ActiveCfg = Debug|Any CPU
		{0362FDDA-7D8F-482F-9E36-AFD3A0859AF7}.Debug|Any CPU.Build.0 = Debug|Any CPU
		{0362FDDA-7D8F-482F-9E36-AFD3A0859AF7}.Release|Any CPU.ActiveCfg = Release|Any CPU
		{0362FDDA-7D8F-482F-9E36-AFD3A0859AF7}.Release|Any CPU.Build.0 = Release|Any CPU
		{A39585D8-1F4B-4328-99BB-1C1124947CDD}.Debug|Any CPU.ActiveCfg = Debug|Any CPU
		{A39585D8-1F4B-4328-99BB-1C1124947CDD}.Debug|Any CPU.Build.0 = Debug|Any CPU
		{A39585D8-1F4B-4328-99BB-1C1124947CDD}.Release|Any CPU.ActiveCfg = Release|Any CPU
		{A39585D8-1F4B-4328-99BB-1C1124947CDD}.Release|Any CPU.Build.0 = Release|Any CPU
		{70478ED2-4591-432A-9F69-C5E8CDA16124}.Debug|Any CPU.ActiveCfg = Debug|Any CPU
		{70478ED2-4591-432A-9F69-C5E8CDA16124}.Debug|Any CPU.Build.0 = Debug|Any CPU
		{70478ED2-4591-432A-9F69-C5E8CDA16124}.Release|Any CPU.ActiveCfg = Release|Any CPU
		{70478ED2-4591-432A-9F69-C5E8CDA16124}.Release|Any CPU.Build.0 = Release|Any CPU
	EndGlobalSection
	GlobalSection(SolutionProperties) = preSolution
		HideSolutionNode = FALSE
	EndGlobalSection
	GlobalSection(NestedProjects) = preSolution
		{407E215D-36B1-46F9-A39F-39465ADC4F2D} = {53C890A9-D587-4BD6-B69C-5B01F64B39F1}
		{87D0C01A-A3ED-42DC-B173-B797F7717348} = {53C890A9-D587-4BD6-B69C-5B01F64B39F1}
		{9A508454-A284-4E81-BC28-2262A5FE200E} = {AAD28E32-1CB5-46C8-B3B2-40BDC275EA63}
		{12953F47-B301-4A45-BC7A-445D84BDC37A} = {AAD28E32-1CB5-46C8-B3B2-40BDC275EA63}
		{8F2EED60-249C-46BD-B5D4-C610567D1FFB} = {AAD28E32-1CB5-46C8-B3B2-40BDC275EA63}
		{8E2DF6B4-A4DF-495E-8D74-5DCE6B333FB4} = {89F6887C-D659-4483-9BFC-DBC7C2BC29F8}
		{F67900E3-3454-44F1-A943-11219CB0622B} = {8F2EED60-249C-46BD-B5D4-C610567D1FFB}
		{B1205A2E-8F4B-4E0F-B70F-050F8557B355} = {8F2EED60-249C-46BD-B5D4-C610567D1FFB}
		{1ECCDCD5-DD78-4F9C-B0C3-BC083742CE99} = {12953F47-B301-4A45-BC7A-445D84BDC37A}
		{925D8D5E-B695-4DC0-B1B6-66955C964576} = {9A508454-A284-4E81-BC28-2262A5FE200E}
		{7624F47B-B53F-40C6-B211-19288E814F86} = {B7EFFA50-A51B-4D7D-A264-07151A10F9D8}
		{61C025A5-1616-423F-B877-A3E017472C76} = {AAD28E32-1CB5-46C8-B3B2-40BDC275EA63}
		{F122F403-DFCF-4ACB-9833-5D93EF357A06} = {61C025A5-1616-423F-B877-A3E017472C76}
		{B3C09C49-9BB5-401B-BD4E-E164D0E4B2A6} = {AAD28E32-1CB5-46C8-B3B2-40BDC275EA63}
		{1DCEE03D-8316-443B-92D5-DD89D368837C} = {B3C09C49-9BB5-401B-BD4E-E164D0E4B2A6}
		{FD32DF41-628D-4C88-8369-E2E66A6CC34D} = {AAD28E32-1CB5-46C8-B3B2-40BDC275EA63}
		{1890E729-AA72-4812-8EB4-48F475D67D25} = {FD32DF41-628D-4C88-8369-E2E66A6CC34D}
		{87A98A37-1B2E-44A1-B6EE-53B75E80C816} = {AAD28E32-1CB5-46C8-B3B2-40BDC275EA63}
		{9FF2E2C5-2FF8-4E9E-B131-5DA2515890FC} = {87A98A37-1B2E-44A1-B6EE-53B75E80C816}
		{2D9717F8-12A6-415B-8139-9578A5E8CDDC} = {AAD28E32-1CB5-46C8-B3B2-40BDC275EA63}
		{350726B9-0E33-46B3-99F0-031E0B5B0579} = {2D9717F8-12A6-415B-8139-9578A5E8CDDC}
		{8CF7545B-BAD0-44C8-B611-B013AECAD528} = {003097E1-0A40-411C-8E01-E26BAC5CA7C3}
		{3B354EFB-77A3-4302-92B4-BF69693B15E7} = {AAD28E32-1CB5-46C8-B3B2-40BDC275EA63}
		{786F22B7-C500-4EB5-93E8-F100D5DA5B11} = {3B354EFB-77A3-4302-92B4-BF69693B15E7}
		{CF7F9A7E-60AF-4D4D-B7C6-3F0F72A54441} = {AAD28E32-1CB5-46C8-B3B2-40BDC275EA63}
		{0362FDDA-7D8F-482F-9E36-AFD3A0859AF7} = {CF7F9A7E-60AF-4D4D-B7C6-3F0F72A54441}
		{A39585D8-1F4B-4328-99BB-1C1124947CDD} = {9A508454-A284-4E81-BC28-2262A5FE200E}
		{70478ED2-4591-432A-9F69-C5E8CDA16124} = {003097E1-0A40-411C-8E01-E26BAC5CA7C3}
	EndGlobalSection
EndGlobal
