
Microsoft Visual Studio Solution File, Format Version 12.00
# Visual Studio 2013
VisualStudioVersion = 12.0.30723.0
MinimumVisualStudioVersion = 10.0.40219.1
Project("{2150E333-8FDC-42A3-9474-1A3956D46DE8}") = ".nuget", ".nuget", "{756E55BA-35D2-4281-BE7E-05E23444136E}"
	ProjectSection(SolutionItems) = preProject
		.nuget\NuGet.Config = .nuget\NuGet.Config
		.nuget\NuGet.exe = .nuget\NuGet.exe
		.nuget\NuGet.targets = .nuget\NuGet.targets
	EndProjectSection
EndProject
Project("{2150E333-8FDC-42A3-9474-1A3956D46DE8}") = ".solution items", ".solution items", "{53C890A9-D587-4BD6-B69C-5B01F64B39F1}"
	ProjectSection(SolutionItems) = preProject
		CHANGELOG.md = CHANGELOG.md
		README.md = README.md
	EndProjectSection
EndProject
Project("{2150E333-8FDC-42A3-9474-1A3956D46DE8}") = "nuspec", "nuspec", "{407E215D-36B1-46F9-A39F-39465ADC4F2D}"
	ProjectSection(SolutionItems) = preProject
		nuspec\d60.Circus.AzureServiceBus.nuspec = nuspec\d60.Circus.AzureServiceBus.nuspec
		nuspec\d60.Circus.EntityFramework.nuspec = nuspec\d60.Circus.EntityFramework.nuspec
		nuspec\d60.Circus.MongoDb.nuspec = nuspec\d60.Circus.MongoDb.nuspec
		nuspec\d60.Circus.MsSql.nuspec = nuspec\d60.Circus.MsSql.nuspec
		nuspec\d60.Circus.NLog.nuspec = nuspec\d60.Circus.NLog.nuspec
		nuspec\d60.Circus.nuspec = nuspec\d60.Circus.nuspec
		nuspec\d60.Circus.PostgreSql.nuspec = nuspec\d60.Circus.PostgreSql.nuspec
		nuspec\d60.Circus.TestHelpers.nuspec = nuspec\d60.Circus.TestHelpers.nuspec
		nuspec\d60.Circus.TsClient.nuspec = nuspec\d60.Circus.TsClient.nuspec
		nuspec\d60.Cirqus.Serilog.nuspec = nuspec\d60.Cirqus.Serilog.nuspec
	EndProjectSection
EndProject
Project("{2150E333-8FDC-42A3-9474-1A3956D46DE8}") = "tests", "tests", "{B7EFFA50-A51B-4D7D-A264-07151A10F9D8}"
EndProject
Project("{2150E333-8FDC-42A3-9474-1A3956D46DE8}") = "core", "core", "{89F6887C-D659-4483-9BFC-DBC7C2BC29F8}"
EndProject
Project("{2150E333-8FDC-42A3-9474-1A3956D46DE8}") = "integration", "integration", "{AAD28E32-1CB5-46C8-B3B2-40BDC275EA63}"
EndProject
Project("{2150E333-8FDC-42A3-9474-1A3956D46DE8}") = "build", "build", "{87D0C01A-A3ED-42DC-B173-B797F7717348}"
	ProjectSection(SolutionItems) = preProject
		build.bat = build.bat
		build.proj = build.proj
		release.bat = release.bat
	EndProjectSection
EndProject
Project("{2150E333-8FDC-42A3-9474-1A3956D46DE8}") = "sql server", "sql server", "{9A508454-A284-4E81-BC28-2262A5FE200E}"
EndProject
Project("{2150E333-8FDC-42A3-9474-1A3956D46DE8}") = "mongodb", "mongodb", "{12953F47-B301-4A45-BC7A-445D84BDC37A}"
EndProject
Project("{2150E333-8FDC-42A3-9474-1A3956D46DE8}") = "azure", "azure", "{8F2EED60-249C-46BD-B5D4-C610567D1FFB}"
EndProject
Project("{FAE04EC0-301F-11D3-BF4B-00C04F79EFBC}") = "d60.Cirqus", "d60.Cirqus\d60.Cirqus.csproj", "{8E2DF6B4-A4DF-495E-8D74-5DCE6B333FB4}"
EndProject
Project("{FAE04EC0-301F-11D3-BF4B-00C04F79EFBC}") = "d60.Cirqus.TestHelpers", "d60.Cirqus.TestHelpers\d60.Cirqus.TestHelpers.csproj", "{44D72FC8-F786-47A7-8D83-3D926D4E7DB0}"
EndProject
Project("{FAE04EC0-301F-11D3-BF4B-00C04F79EFBC}") = "d60.Cirqus.AzureServiceBus", "d60.Cirqus.AzureServiceBus\d60.Cirqus.AzureServiceBus.csproj", "{F67900E3-3454-44F1-A943-11219CB0622B}"
EndProject
Project("{FAE04EC0-301F-11D3-BF4B-00C04F79EFBC}") = "d60.Cirqus.AzureServiceBus.Tests", "d60.Cirqus.AzureServiceBus.Tests\d60.Cirqus.AzureServiceBus.Tests.csproj", "{B1205A2E-8F4B-4E0F-B70F-050F8557B355}"
EndProject
Project("{FAE04EC0-301F-11D3-BF4B-00C04F79EFBC}") = "d60.Cirqus.MongoDb", "d60.Cirqus.MongoDb\d60.Cirqus.MongoDb.csproj", "{1ECCDCD5-DD78-4F9C-B0C3-BC083742CE99}"
EndProject
Project("{FAE04EC0-301F-11D3-BF4B-00C04F79EFBC}") = "d60.Cirqus.EntityFramework", "d60.Cirqus.EntityFramework\d60.Cirqus.EntityFramework.csproj", "{925D8D5E-B695-4DC0-B1B6-66955C964576}"
EndProject
Project("{FAE04EC0-301F-11D3-BF4B-00C04F79EFBC}") = "d60.Cirqus.MsSql", "d60.Cirqus.MsSql\d60.Cirqus.MsSql.csproj", "{6EEBCA35-9B61-4A95-8E72-3AF583C14F32}"
EndProject
Project("{FAE04EC0-301F-11D3-BF4B-00C04F79EFBC}") = "d60.Cirqus.Tests", "d60.Cirqus.Tests\d60.Cirqus.Tests.csproj", "{7624F47B-B53F-40C6-B211-19288E814F86}"
EndProject
Project("{2150E333-8FDC-42A3-9474-1A3956D46DE8}") = "nlog", "nlog", "{61C025A5-1616-423F-B877-A3E017472C76}"
EndProject
Project("{FAE04EC0-301F-11D3-BF4B-00C04F79EFBC}") = "d60.Cirqus.NLog", "d60.Cirqus.NLog\d60.Cirqus.NLog.csproj", "{F122F403-DFCF-4ACB-9833-5D93EF357A06}"
EndProject
Project("{2150E333-8FDC-42A3-9474-1A3956D46DE8}") = "postgresql", "postgresql", "{B3C09C49-9BB5-401B-BD4E-E164D0E4B2A6}"
EndProject
Project("{FAE04EC0-301F-11D3-BF4B-00C04F79EFBC}") = "d60.Cirqus.PostgreSql", "d60.Cirqus.PostgreSql\d60.Cirqus.PostgreSql.csproj", "{1DCEE03D-8316-443B-92D5-DD89D368837C}"
EndProject
Project("{2150E333-8FDC-42A3-9474-1A3956D46DE8}") = "serilog", "serilog", "{FD32DF41-628D-4C88-8369-E2E66A6CC34D}"
EndProject
Project("{FAE04EC0-301F-11D3-BF4B-00C04F79EFBC}") = "d60.Cirqus.Serilog", "d60.Cirqus.Serilog\d60.Cirqus.Serilog.csproj", "{1890E729-AA72-4812-8EB4-48F475D67D25}"
EndProject
Project("{2150E333-8FDC-42A3-9474-1A3956D46DE8}") = "typescript", "typescript", "{87A98A37-1B2E-44A1-B6EE-53B75E80C816}"
EndProject
Project("{2150E333-8FDC-42A3-9474-1A3956D46DE8}") = "ntfs", "ntfs", "{6E038E45-A0FE-43D5-A304-B64233B751B9}"
EndProject
Project("{FAE04EC0-301F-11D3-BF4B-00C04F79EFBC}") = "d60.Cirqus.NTFS", "d60.Cirqus.NTFS\d60.Cirqus.NTFS.csproj", "{475EA928-1AE9-47CC-A706-31FBCD97BE7E}"
EndProject
Project("{FAE04EC0-301F-11D3-BF4B-00C04F79EFBC}") = "d60.Cirqus.TsClient", "d60.Cirqus.TsClient\d60.Cirqus.TsClient.csproj", "{9FF2E2C5-2FF8-4E9E-B131-5DA2515890FC}"
EndProject
Global
	GlobalSection(SolutionConfigurationPlatforms) = preSolution
		Debug|Any CPU = Debug|Any CPU
		Release|Any CPU = Release|Any CPU
	EndGlobalSection
	GlobalSection(ProjectConfigurationPlatforms) = postSolution
		{8E2DF6B4-A4DF-495E-8D74-5DCE6B333FB4}.Debug|Any CPU.ActiveCfg = Debug|Any CPU
		{8E2DF6B4-A4DF-495E-8D74-5DCE6B333FB4}.Debug|Any CPU.Build.0 = Debug|Any CPU
		{8E2DF6B4-A4DF-495E-8D74-5DCE6B333FB4}.Release|Any CPU.ActiveCfg = Release|Any CPU
		{8E2DF6B4-A4DF-495E-8D74-5DCE6B333FB4}.Release|Any CPU.Build.0 = Release|Any CPU
		{44D72FC8-F786-47A7-8D83-3D926D4E7DB0}.Debug|Any CPU.ActiveCfg = Debug|Any CPU
		{44D72FC8-F786-47A7-8D83-3D926D4E7DB0}.Debug|Any CPU.Build.0 = Debug|Any CPU
		{44D72FC8-F786-47A7-8D83-3D926D4E7DB0}.Release|Any CPU.ActiveCfg = Release|Any CPU
		{44D72FC8-F786-47A7-8D83-3D926D4E7DB0}.Release|Any CPU.Build.0 = Release|Any CPU
		{F67900E3-3454-44F1-A943-11219CB0622B}.Debug|Any CPU.ActiveCfg = Debug|Any CPU
		{F67900E3-3454-44F1-A943-11219CB0622B}.Debug|Any CPU.Build.0 = Debug|Any CPU
		{F67900E3-3454-44F1-A943-11219CB0622B}.Release|Any CPU.ActiveCfg = Release|Any CPU
		{F67900E3-3454-44F1-A943-11219CB0622B}.Release|Any CPU.Build.0 = Release|Any CPU
		{B1205A2E-8F4B-4E0F-B70F-050F8557B355}.Debug|Any CPU.ActiveCfg = Debug|Any CPU
		{B1205A2E-8F4B-4E0F-B70F-050F8557B355}.Debug|Any CPU.Build.0 = Debug|Any CPU
		{B1205A2E-8F4B-4E0F-B70F-050F8557B355}.Release|Any CPU.ActiveCfg = Release|Any CPU
		{B1205A2E-8F4B-4E0F-B70F-050F8557B355}.Release|Any CPU.Build.0 = Release|Any CPU
		{1ECCDCD5-DD78-4F9C-B0C3-BC083742CE99}.Debug|Any CPU.ActiveCfg = Debug|Any CPU
		{1ECCDCD5-DD78-4F9C-B0C3-BC083742CE99}.Debug|Any CPU.Build.0 = Debug|Any CPU
		{1ECCDCD5-DD78-4F9C-B0C3-BC083742CE99}.Release|Any CPU.ActiveCfg = Release|Any CPU
		{1ECCDCD5-DD78-4F9C-B0C3-BC083742CE99}.Release|Any CPU.Build.0 = Release|Any CPU
		{925D8D5E-B695-4DC0-B1B6-66955C964576}.Debug|Any CPU.ActiveCfg = Debug|Any CPU
		{925D8D5E-B695-4DC0-B1B6-66955C964576}.Debug|Any CPU.Build.0 = Debug|Any CPU
		{925D8D5E-B695-4DC0-B1B6-66955C964576}.Release|Any CPU.ActiveCfg = Release|Any CPU
		{925D8D5E-B695-4DC0-B1B6-66955C964576}.Release|Any CPU.Build.0 = Release|Any CPU
		{6EEBCA35-9B61-4A95-8E72-3AF583C14F32}.Debug|Any CPU.ActiveCfg = Debug|Any CPU
		{6EEBCA35-9B61-4A95-8E72-3AF583C14F32}.Debug|Any CPU.Build.0 = Debug|Any CPU
		{6EEBCA35-9B61-4A95-8E72-3AF583C14F32}.Release|Any CPU.ActiveCfg = Release|Any CPU
		{6EEBCA35-9B61-4A95-8E72-3AF583C14F32}.Release|Any CPU.Build.0 = Release|Any CPU
		{7624F47B-B53F-40C6-B211-19288E814F86}.Debug|Any CPU.ActiveCfg = Debug|Any CPU
		{7624F47B-B53F-40C6-B211-19288E814F86}.Debug|Any CPU.Build.0 = Debug|Any CPU
		{7624F47B-B53F-40C6-B211-19288E814F86}.Release|Any CPU.ActiveCfg = Release|Any CPU
		{7624F47B-B53F-40C6-B211-19288E814F86}.Release|Any CPU.Build.0 = Release|Any CPU
		{F122F403-DFCF-4ACB-9833-5D93EF357A06}.Debug|Any CPU.ActiveCfg = Debug|Any CPU
		{F122F403-DFCF-4ACB-9833-5D93EF357A06}.Debug|Any CPU.Build.0 = Debug|Any CPU
		{F122F403-DFCF-4ACB-9833-5D93EF357A06}.Release|Any CPU.ActiveCfg = Release|Any CPU
		{F122F403-DFCF-4ACB-9833-5D93EF357A06}.Release|Any CPU.Build.0 = Release|Any CPU
		{1DCEE03D-8316-443B-92D5-DD89D368837C}.Debug|Any CPU.ActiveCfg = Debug|Any CPU
		{1DCEE03D-8316-443B-92D5-DD89D368837C}.Debug|Any CPU.Build.0 = Debug|Any CPU
		{1DCEE03D-8316-443B-92D5-DD89D368837C}.Release|Any CPU.ActiveCfg = Release|Any CPU
		{1DCEE03D-8316-443B-92D5-DD89D368837C}.Release|Any CPU.Build.0 = Release|Any CPU
		{1890E729-AA72-4812-8EB4-48F475D67D25}.Debug|Any CPU.ActiveCfg = Debug|Any CPU
		{1890E729-AA72-4812-8EB4-48F475D67D25}.Debug|Any CPU.Build.0 = Debug|Any CPU
		{1890E729-AA72-4812-8EB4-48F475D67D25}.Release|Any CPU.ActiveCfg = Release|Any CPU
		{1890E729-AA72-4812-8EB4-48F475D67D25}.Release|Any CPU.Build.0 = Release|Any CPU
		{475EA928-1AE9-47CC-A706-31FBCD97BE7E}.Debug|Any CPU.ActiveCfg = Debug|Any CPU
		{475EA928-1AE9-47CC-A706-31FBCD97BE7E}.Debug|Any CPU.Build.0 = Debug|Any CPU
		{475EA928-1AE9-47CC-A706-31FBCD97BE7E}.Release|Any CPU.ActiveCfg = Release|Any CPU
		{475EA928-1AE9-47CC-A706-31FBCD97BE7E}.Release|Any CPU.Build.0 = Release|Any CPU
		{9FF2E2C5-2FF8-4E9E-B131-5DA2515890FC}.Debug|Any CPU.ActiveCfg = Debug|Any CPU
		{9FF2E2C5-2FF8-4E9E-B131-5DA2515890FC}.Debug|Any CPU.Build.0 = Debug|Any CPU
		{9FF2E2C5-2FF8-4E9E-B131-5DA2515890FC}.Release|Any CPU.ActiveCfg = Release|Any CPU
		{9FF2E2C5-2FF8-4E9E-B131-5DA2515890FC}.Release|Any CPU.Build.0 = Release|Any CPU
	EndGlobalSection
	GlobalSection(SolutionProperties) = preSolution
		HideSolutionNode = FALSE
	EndGlobalSection
	GlobalSection(NestedProjects) = preSolution
		{407E215D-36B1-46F9-A39F-39465ADC4F2D} = {53C890A9-D587-4BD6-B69C-5B01F64B39F1}
		{87D0C01A-A3ED-42DC-B173-B797F7717348} = {53C890A9-D587-4BD6-B69C-5B01F64B39F1}
		{9A508454-A284-4E81-BC28-2262A5FE200E} = {AAD28E32-1CB5-46C8-B3B2-40BDC275EA63}
		{12953F47-B301-4A45-BC7A-445D84BDC37A} = {AAD28E32-1CB5-46C8-B3B2-40BDC275EA63}
		{8F2EED60-249C-46BD-B5D4-C610567D1FFB} = {AAD28E32-1CB5-46C8-B3B2-40BDC275EA63}
		{8E2DF6B4-A4DF-495E-8D74-5DCE6B333FB4} = {89F6887C-D659-4483-9BFC-DBC7C2BC29F8}
		{44D72FC8-F786-47A7-8D83-3D926D4E7DB0} = {89F6887C-D659-4483-9BFC-DBC7C2BC29F8}
		{F67900E3-3454-44F1-A943-11219CB0622B} = {8F2EED60-249C-46BD-B5D4-C610567D1FFB}
		{B1205A2E-8F4B-4E0F-B70F-050F8557B355} = {8F2EED60-249C-46BD-B5D4-C610567D1FFB}
		{1ECCDCD5-DD78-4F9C-B0C3-BC083742CE99} = {12953F47-B301-4A45-BC7A-445D84BDC37A}
		{925D8D5E-B695-4DC0-B1B6-66955C964576} = {9A508454-A284-4E81-BC28-2262A5FE200E}
		{6EEBCA35-9B61-4A95-8E72-3AF583C14F32} = {9A508454-A284-4E81-BC28-2262A5FE200E}
		{7624F47B-B53F-40C6-B211-19288E814F86} = {B7EFFA50-A51B-4D7D-A264-07151A10F9D8}
		{61C025A5-1616-423F-B877-A3E017472C76} = {AAD28E32-1CB5-46C8-B3B2-40BDC275EA63}
		{F122F403-DFCF-4ACB-9833-5D93EF357A06} = {61C025A5-1616-423F-B877-A3E017472C76}
		{B3C09C49-9BB5-401B-BD4E-E164D0E4B2A6} = {AAD28E32-1CB5-46C8-B3B2-40BDC275EA63}
		{1DCEE03D-8316-443B-92D5-DD89D368837C} = {B3C09C49-9BB5-401B-BD4E-E164D0E4B2A6}
		{FD32DF41-628D-4C88-8369-E2E66A6CC34D} = {AAD28E32-1CB5-46C8-B3B2-40BDC275EA63}
		{1890E729-AA72-4812-8EB4-48F475D67D25} = {FD32DF41-628D-4C88-8369-E2E66A6CC34D}
		{6E038E45-A0FE-43D5-A304-B64233B751B9} = {AAD28E32-1CB5-46C8-B3B2-40BDC275EA63}
		{475EA928-1AE9-47CC-A706-31FBCD97BE7E} = {6E038E45-A0FE-43D5-A304-B64233B751B9}
		{87A98A37-1B2E-44A1-B6EE-53B75E80C816} = {AAD28E32-1CB5-46C8-B3B2-40BDC275EA63}
		{9FF2E2C5-2FF8-4E9E-B131-5DA2515890FC} = {87A98A37-1B2E-44A1-B6EE-53B75E80C816}
	EndGlobalSection
EndGlobal
