
Microsoft Visual Studio Solution File, Format Version 12.00
# Visual Studio 2013
VisualStudioVersion = 12.0.30501.0
MinimumVisualStudioVersion = 10.0.40219.1
Project("{FAE04EC0-301F-11D3-BF4B-00C04F79EFBC}") = "d60.EventSorcerer", "d60.EventSorcerer\d60.EventSorcerer.csproj", "{8E2DF6B4-A4DF-495E-8D74-5DCE6B333FB4}"
EndProject
Project("{FAE04EC0-301F-11D3-BF4B-00C04F79EFBC}") = "d60.EventSorcerer.Tests", "d60.EventSorcerer.Tests\d60.EventSorcerer.Tests.csproj", "{7624F47B-B53F-40C6-B211-19288E814F86}"
EndProject
Project("{FAE04EC0-301F-11D3-BF4B-00C04F79EFBC}") = "d60.EventSorcerer.MongoDb", "d60.EventSorcerer.MongoDb\d60.EventSorcerer.MongoDb.csproj", "{1ECCDCD5-DD78-4F9C-B0C3-BC083742CE99}"
EndProject
Project("{2150E333-8FDC-42A3-9474-1A3956D46DE8}") = ".nuget", ".nuget", "{756E55BA-35D2-4281-BE7E-05E23444136E}"
	ProjectSection(SolutionItems) = preProject
		.nuget\NuGet.Config = .nuget\NuGet.Config
		.nuget\NuGet.exe = .nuget\NuGet.exe
		.nuget\NuGet.targets = .nuget\NuGet.targets
	EndProjectSection
EndProject
Project("{2150E333-8FDC-42A3-9474-1A3956D46DE8}") = "Solution Items", "Solution Items", "{53C890A9-D587-4BD6-B69C-5B01F64B39F1}"
	ProjectSection(SolutionItems) = preProject
		build.proj = build.proj
		CHANGELOG.md = CHANGELOG.md
	EndProjectSection
EndProject
Project("{FAE04EC0-301F-11D3-BF4B-00C04F79EFBC}") = "d60.EventSorcerer.MsSql", "d60.EventSorcerer.MsSql\d60.EventSorcerer.MsSql.csproj", "{6EEBCA35-9B61-4A95-8E72-3AF583C14F32}"
EndProject
Project("{2150E333-8FDC-42A3-9474-1A3956D46DE8}") = "nuspec", "nuspec", "{407E215D-36B1-46F9-A39F-39465ADC4F2D}"
	ProjectSection(SolutionItems) = preProject
		nuspec\d60.EventSorcerer.MongoDb.nuspec = nuspec\d60.EventSorcerer.MongoDb.nuspec
		nuspec\d60.EventSorcerer.MsSql.nuspec = nuspec\d60.EventSorcerer.MsSql.nuspec
		nuspec\d60.EventSorcerer.nuspec = nuspec\d60.EventSorcerer.nuspec
	EndProjectSection
EndProject
Global
	GlobalSection(SolutionConfigurationPlatforms) = preSolution
		Debug|Any CPU = Debug|Any CPU
		Release|Any CPU = Release|Any CPU
	EndGlobalSection
	GlobalSection(ProjectConfigurationPlatforms) = postSolution
		{8E2DF6B4-A4DF-495E-8D74-5DCE6B333FB4}.Debug|Any CPU.ActiveCfg = Debug|Any CPU
		{8E2DF6B4-A4DF-495E-8D74-5DCE6B333FB4}.Debug|Any CPU.Build.0 = Debug|Any CPU
		{8E2DF6B4-A4DF-495E-8D74-5DCE6B333FB4}.Release|Any CPU.ActiveCfg = Release|Any CPU
		{8E2DF6B4-A4DF-495E-8D74-5DCE6B333FB4}.Release|Any CPU.Build.0 = Release|Any CPU
		{7624F47B-B53F-40C6-B211-19288E814F86}.Debug|Any CPU.ActiveCfg = Debug|Any CPU
		{7624F47B-B53F-40C6-B211-19288E814F86}.Debug|Any CPU.Build.0 = Debug|Any CPU
		{7624F47B-B53F-40C6-B211-19288E814F86}.Release|Any CPU.ActiveCfg = Release|Any CPU
		{7624F47B-B53F-40C6-B211-19288E814F86}.Release|Any CPU.Build.0 = Release|Any CPU
		{1ECCDCD5-DD78-4F9C-B0C3-BC083742CE99}.Debug|Any CPU.ActiveCfg = Debug|Any CPU
		{1ECCDCD5-DD78-4F9C-B0C3-BC083742CE99}.Debug|Any CPU.Build.0 = Debug|Any CPU
		{1ECCDCD5-DD78-4F9C-B0C3-BC083742CE99}.Release|Any CPU.ActiveCfg = Release|Any CPU
		{1ECCDCD5-DD78-4F9C-B0C3-BC083742CE99}.Release|Any CPU.Build.0 = Release|Any CPU
		{6EEBCA35-9B61-4A95-8E72-3AF583C14F32}.Debug|Any CPU.ActiveCfg = Debug|Any CPU
		{6EEBCA35-9B61-4A95-8E72-3AF583C14F32}.Debug|Any CPU.Build.0 = Debug|Any CPU
		{6EEBCA35-9B61-4A95-8E72-3AF583C14F32}.Release|Any CPU.ActiveCfg = Release|Any CPU
		{6EEBCA35-9B61-4A95-8E72-3AF583C14F32}.Release|Any CPU.Build.0 = Release|Any CPU
	EndGlobalSection
	GlobalSection(SolutionProperties) = preSolution
		HideSolutionNode = FALSE
	EndGlobalSection
	GlobalSection(NestedProjects) = preSolution
		{407E215D-36B1-46F9-A39F-39465ADC4F2D} = {53C890A9-D587-4BD6-B69C-5B01F64B39F1}
	EndGlobalSection
EndGlobal
